
Microsoft Visual Studio Solution File, Format Version 12.00
# Visual Studio Version 17
VisualStudioVersion = 17.3.32929.385
MinimumVisualStudioVersion = 10.0.40219.1
Project("{8BC9CEB8-8B4A-11D0-8D11-00A0C91BC942}") = "DirectXStudyProject", "DirectXStudyProject\DirectXStudyProject.vcxproj", "{5ED46ED3-F0B1-4556-93B4-C111D0E3E3C5}"
EndProject
Project("{8BC9CEB8-8B4A-11D0-8D11-00A0C91BC942}") = "EngineBase", "EngineBase\EngineBase.vcxproj", "{FAD4E6CC-397D-4E3A-8C5C-612626D4216A}"
EndProject
Project("{8BC9CEB8-8B4A-11D0-8D11-00A0C91BC942}") = "EngineCore", "EngineCore\EngineCore.vcxproj", "{3F31C55F-4638-4E8B-81EB-C98BFB0B3B8C}"
	ProjectSection(ProjectDependencies) = postProject
		{3C40AB33-58E3-41C9-9C4E-245801332953} = {3C40AB33-58E3-41C9-9C4E-245801332953}
		{FAD4E6CC-397D-4E3A-8C5C-612626D4216A} = {FAD4E6CC-397D-4E3A-8C5C-612626D4216A}
	EndProjectSection
EndProject
Project("{8BC9CEB8-8B4A-11D0-8D11-00A0C91BC942}") = "EnginePlatform", "EnginePlatform\EnginePlatform.vcxproj", "{3C40AB33-58E3-41C9-9C4E-245801332953}"
	ProjectSection(ProjectDependencies) = postProject
		{FAD4E6CC-397D-4E3A-8C5C-612626D4216A} = {FAD4E6CC-397D-4E3A-8C5C-612626D4216A}
	EndProjectSection
EndProject
Project("{8BC9CEB8-8B4A-11D0-8D11-00A0C91BC942}") = "GameContent", "GameContent\GameContent.vcxproj", "{24F49596-460C-4346-BA38-C505568D5036}"
	ProjectSection(ProjectDependencies) = postProject
		{3C40AB33-58E3-41C9-9C4E-245801332953} = {3C40AB33-58E3-41C9-9C4E-245801332953}
		{3F31C55F-4638-4E8B-81EB-C98BFB0B3B8C} = {3F31C55F-4638-4E8B-81EB-C98BFB0B3B8C}
		{FAD4E6CC-397D-4E3A-8C5C-612626D4216A} = {FAD4E6CC-397D-4E3A-8C5C-612626D4216A}
	EndProjectSection
EndProject
Project("{2150E333-8FDC-42A3-9474-1A3956D46DE8}") = "Level00", "Level00", "{7BDD0C21-D0B9-4052-AC0D-3365F1F64AE7}"
EndProject
Project("{2150E333-8FDC-42A3-9474-1A3956D46DE8}") = "Level01", "Level01", "{6FB6483F-4DB0-41A1-9E7B-B5E87B3FDB37}"
EndProject
Project("{2150E333-8FDC-42A3-9474-1A3956D46DE8}") = "Level02", "Level02", "{9AE5731D-D1AD-4AB5-B6AA-CC3146727AA6}"
EndProject
Project("{2150E333-8FDC-42A3-9474-1A3956D46DE8}") = "Level03", "Level03", "{FCE28642-9CFB-45A3-BCE0-80D3A7D4B5D1}"
EndProject
Project("{2150E333-8FDC-42A3-9474-1A3956D46DE8}") = "Level04", "Level04", "{29755FBB-C213-4B15-B52D-4E887FEE8A28}"
EndProject
Global
	GlobalSection(SolutionConfigurationPlatforms) = preSolution
		Debug|x64 = Debug|x64
		Debug|x86 = Debug|x86
		Release|x64 = Release|x64
		Release|x86 = Release|x86
	EndGlobalSection
	GlobalSection(ProjectConfigurationPlatforms) = postSolution
		{5ED46ED3-F0B1-4556-93B4-C111D0E3E3C5}.Debug|x64.ActiveCfg = Debug|x64
		{5ED46ED3-F0B1-4556-93B4-C111D0E3E3C5}.Debug|x64.Build.0 = Debug|x64
		{5ED46ED3-F0B1-4556-93B4-C111D0E3E3C5}.Debug|x86.ActiveCfg = Debug|Win32
		{5ED46ED3-F0B1-4556-93B4-C111D0E3E3C5}.Debug|x86.Build.0 = Debug|Win32
		{5ED46ED3-F0B1-4556-93B4-C111D0E3E3C5}.Release|x64.ActiveCfg = Release|x64
		{5ED46ED3-F0B1-4556-93B4-C111D0E3E3C5}.Release|x64.Build.0 = Release|x64
		{5ED46ED3-F0B1-4556-93B4-C111D0E3E3C5}.Release|x86.ActiveCfg = Release|Win32
		{5ED46ED3-F0B1-4556-93B4-C111D0E3E3C5}.Release|x86.Build.0 = Release|Win32
		{FAD4E6CC-397D-4E3A-8C5C-612626D4216A}.Debug|x64.ActiveCfg = Debug|x64
		{FAD4E6CC-397D-4E3A-8C5C-612626D4216A}.Debug|x64.Build.0 = Debug|x64
		{FAD4E6CC-397D-4E3A-8C5C-612626D4216A}.Debug|x86.ActiveCfg = Debug|Win32
		{FAD4E6CC-397D-4E3A-8C5C-612626D4216A}.Debug|x86.Build.0 = Debug|Win32
		{FAD4E6CC-397D-4E3A-8C5C-612626D4216A}.Release|x64.ActiveCfg = Release|x64
		{FAD4E6CC-397D-4E3A-8C5C-612626D4216A}.Release|x64.Build.0 = Release|x64
		{FAD4E6CC-397D-4E3A-8C5C-612626D4216A}.Release|x86.ActiveCfg = Release|Win32
		{FAD4E6CC-397D-4E3A-8C5C-612626D4216A}.Release|x86.Build.0 = Release|Win32
		{3F31C55F-4638-4E8B-81EB-C98BFB0B3B8C}.Debug|x64.ActiveCfg = Debug|x64
		{3F31C55F-4638-4E8B-81EB-C98BFB0B3B8C}.Debug|x64.Build.0 = Debug|x64
		{3F31C55F-4638-4E8B-81EB-C98BFB0B3B8C}.Debug|x86.ActiveCfg = Debug|Win32
		{3F31C55F-4638-4E8B-81EB-C98BFB0B3B8C}.Debug|x86.Build.0 = Debug|Win32
		{3F31C55F-4638-4E8B-81EB-C98BFB0B3B8C}.Release|x64.ActiveCfg = Release|x64
		{3F31C55F-4638-4E8B-81EB-C98BFB0B3B8C}.Release|x64.Build.0 = Release|x64
		{3F31C55F-4638-4E8B-81EB-C98BFB0B3B8C}.Release|x86.ActiveCfg = Release|Win32
		{3F31C55F-4638-4E8B-81EB-C98BFB0B3B8C}.Release|x86.Build.0 = Release|Win32
		{3C40AB33-58E3-41C9-9C4E-245801332953}.Debug|x64.ActiveCfg = Debug|x64
		{3C40AB33-58E3-41C9-9C4E-245801332953}.Debug|x64.Build.0 = Debug|x64
		{3C40AB33-58E3-41C9-9C4E-245801332953}.Debug|x86.ActiveCfg = Debug|Win32
		{3C40AB33-58E3-41C9-9C4E-245801332953}.Debug|x86.Build.0 = Debug|Win32
		{3C40AB33-58E3-41C9-9C4E-245801332953}.Release|x64.ActiveCfg = Release|x64
		{3C40AB33-58E3-41C9-9C4E-245801332953}.Release|x64.Build.0 = Release|x64
		{3C40AB33-58E3-41C9-9C4E-245801332953}.Release|x86.ActiveCfg = Release|Win32
		{3C40AB33-58E3-41C9-9C4E-245801332953}.Release|x86.Build.0 = Release|Win32
		{24F49596-460C-4346-BA38-C505568D5036}.Debug|x64.ActiveCfg = Debug|x64
		{24F49596-460C-4346-BA38-C505568D5036}.Debug|x64.Build.0 = Debug|x64
		{24F49596-460C-4346-BA38-C505568D5036}.Debug|x86.ActiveCfg = Debug|Win32
		{24F49596-460C-4346-BA38-C505568D5036}.Debug|x86.Build.0 = Debug|Win32
		{24F49596-460C-4346-BA38-C505568D5036}.Release|x64.ActiveCfg = Release|x64
		{24F49596-460C-4346-BA38-C505568D5036}.Release|x64.Build.0 = Release|x64
		{24F49596-460C-4346-BA38-C505568D5036}.Release|x86.ActiveCfg = Release|Win32
		{24F49596-460C-4346-BA38-C505568D5036}.Release|x86.Build.0 = Release|Win32
	EndGlobalSection
	GlobalSection(SolutionProperties) = preSolution
		HideSolutionNode = FALSE
	EndGlobalSection
	GlobalSection(NestedProjects) = preSolution
		{5ED46ED3-F0B1-4556-93B4-C111D0E3E3C5} = {29755FBB-C213-4B15-B52D-4E887FEE8A28}
		{FAD4E6CC-397D-4E3A-8C5C-612626D4216A} = {7BDD0C21-D0B9-4052-AC0D-3365F1F64AE7}
		{3F31C55F-4638-4E8B-81EB-C98BFB0B3B8C} = {9AE5731D-D1AD-4AB5-B6AA-CC3146727AA6}
		{3C40AB33-58E3-41C9-9C4E-245801332953} = {6FB6483F-4DB0-41A1-9E7B-B5E87B3FDB37}
		{24F49596-460C-4346-BA38-C505568D5036} = {FCE28642-9CFB-45A3-BCE0-80D3A7D4B5D1}
	EndGlobalSection
	GlobalSection(ExtensibilityGlobals) = postSolution
		SolutionGuid = {C16544E0-324A-4F6B-BAD9-BE6F8C8F6CFA}
	EndGlobalSection
EndGlobal
